
Microsoft Visual Studio Solution File, Format Version 12.00
# Visual Studio Version 17
VisualStudioVersion = 17.8.34316.72
MinimumVisualStudioVersion = 10.0.40219.1
Project("{888888A0-9F3D-457C-B088-3A5042F75D52}") = "puzlelozetas", "puzlelozetas.pyproj", "{82120E27-9825-4C0E-B4A1-4507F214F591}"
EndProject
Global
	GlobalSection(SolutionConfigurationPlatforms) = preSolution
		Debug|Any CPU = Debug|Any CPU
		Release|Any CPU = Release|Any CPU
	EndGlobalSection
	GlobalSection(ProjectConfigurationPlatforms) = postSolution
		{82120E27-9825-4C0E-B4A1-4507F214F591}.Debug|Any CPU.ActiveCfg = Debug|Any CPU
		{82120E27-9825-4C0E-B4A1-4507F214F591}.Release|Any CPU.ActiveCfg = Release|Any CPU
	EndGlobalSection
	GlobalSection(SolutionProperties) = preSolution
		HideSolutionNode = FALSE
	EndGlobalSection
	GlobalSection(ExtensibilityGlobals) = postSolution
		SolutionGuid = {6F7AC78C-EE12-48E0-B5C9-7146BECB3141}
	EndGlobalSection
EndGlobal
